Microsoft Visual Studio Solution File, Format Version 11.00
# Visual Studio 2010
Project("{8BC9CEB8-8B4A-11D0-8D11-00A0C91BC942}") = "ALL_BUILD", "ALL_BUILD.vcxproj", "{0140B703-4934-4DB5-B1E0-E064DD42820D}"
	ProjectSection(ProjectDependencies) = postProject
		{11314361-54D3-4049-B368-CB83C2FF8282} = {11314361-54D3-4049-B368-CB83C2FF8282}
		{376075C9-C183-434C-9C91-0E4497049B61} = {376075C9-C183-434C-9C91-0E4497049B61}
	EndProjectSection
EndProject
Project("{8BC9CEB8-8B4A-11D0-8D11-00A0C91BC942}") = "ReadDICOMSeries", "ReadDICOMSeries.vcxproj", "{11314361-54D3-4049-B368-CB83C2FF8282}"
	ProjectSection(ProjectDependencies) = postProject
		{376075C9-C183-434C-9C91-0E4497049B61} = {376075C9-C183-434C-9C91-0E4497049B61}
	EndProjectSection
EndProject
Project("{8BC9CEB8-8B4A-11D0-8D11-00A0C91BC942}") = "ZERO_CHECK", "ZERO_CHECK.vcxproj", "{376075C9-C183-434C-9C91-0E4497049B61}"
	ProjectSection(ProjectDependencies) = postProject
	EndProjectSection
EndProject
Global
	GlobalSection(SolutionConfigurationPlatforms) = preSolution
		Debug|Win32 = Debug|Win32
		Release|Win32 = Release|Win32
		MinSizeRel|Win32 = MinSizeRel|Win32
		RelWithDebInfo|Win32 = RelWithDebInfo|Win32
	EndGlobalSection
	GlobalSection(ProjectConfigurationPlatforms) = postSolution
		{0140B703-4934-4DB5-B1E0-E064DD42820D}.Debug|Win32.ActiveCfg = Debug|Win32
		{0140B703-4934-4DB5-B1E0-E064DD42820D}.Release|Win32.ActiveCfg = Release|Win32
		{0140B703-4934-4DB5-B1E0-E064DD42820D}.MinSizeRel|Win32.ActiveCfg = MinSizeRel|Win32
		{0140B703-4934-4DB5-B1E0-E064DD42820D}.RelWithDebInfo|Win32.ActiveCfg = RelWithDebInfo|Win32
		{11314361-54D3-4049-B368-CB83C2FF8282}.Debug|Win32.ActiveCfg = Debug|Win32
		{11314361-54D3-4049-B368-CB83C2FF8282}.Debug|Win32.Build.0 = Debug|Win32
		{11314361-54D3-4049-B368-CB83C2FF8282}.Release|Win32.ActiveCfg = Release|Win32
		{11314361-54D3-4049-B368-CB83C2FF8282}.Release|Win32.Build.0 = Release|Win32
		{11314361-54D3-4049-B368-CB83C2FF8282}.MinSizeRel|Win32.ActiveCfg = MinSizeRel|Win32
		{11314361-54D3-4049-B368-CB83C2FF8282}.MinSizeRel|Win32.Build.0 = MinSizeRel|Win32
		{11314361-54D3-4049-B368-CB83C2FF8282}.RelWithDebInfo|Win32.ActiveCfg = RelWithDebInfo|Win32
		{11314361-54D3-4049-B368-CB83C2FF8282}.RelWithDebInfo|Win32.Build.0 = RelWithDebInfo|Win32
		{376075C9-C183-434C-9C91-0E4497049B61}.Debug|Win32.ActiveCfg = Debug|Win32
		{376075C9-C183-434C-9C91-0E4497049B61}.Debug|Win32.Build.0 = Debug|Win32
		{376075C9-C183-434C-9C91-0E4497049B61}.Release|Win32.ActiveCfg = Release|Win32
		{376075C9-C183-434C-9C91-0E4497049B61}.Release|Win32.Build.0 = Release|Win32
		{376075C9-C183-434C-9C91-0E4497049B61}.MinSizeRel|Win32.ActiveCfg = MinSizeRel|Win32
		{376075C9-C183-434C-9C91-0E4497049B61}.MinSizeRel|Win32.Build.0 = MinSizeRel|Win32
		{376075C9-C183-434C-9C91-0E4497049B61}.RelWithDebInfo|Win32.ActiveCfg = RelWithDebInfo|Win32
		{376075C9-C183-434C-9C91-0E4497049B61}.RelWithDebInfo|Win32.Build.0 = RelWithDebInfo|Win32
	EndGlobalSection
	GlobalSection(ExtensibilityGlobals) = postSolution
	EndGlobalSection
	GlobalSection(ExtensibilityAddIns) = postSolution
	EndGlobalSection
EndGlobal
